{
  "version": 2,
  "dependencies": {
    "net8.0": {
      "Light.GuardClauses": {
        "type": "Direct",
        "requested": "[13.1.0, )",
        "resolved": "13.1.0",
        "contentHash": "VPnsdOgQf3R8tOwMpf9gG3A5fNd2A2FqbrdYzElA8X3+E0hHrg/pvBM4gHYkCVCe3O1hL5QnGgIPqYpsm33nEA==",
        "dependencies": {
          "System.Collections.Immutable": "8.0.0"
        }
      },
      "Microsoft.NET.ILLink.Tasks": {
        "type": "Direct",
        "requested": "[8.0.19, )",
        "resolved": "8.0.19",
        "contentHash": "IhHf+zeZiaE5EXRyxILd4qM+Hj9cxV3sa8MpzZgeEhpvaG3a1VEGF6UCaPFLO44Kua3JkLKluE0SWVamS50PlA=="
      },
      "System.Collections.Immutable": {
        "type": "Transitive",
        "resolved": "8.0.0",
        "contentHash": "AurL6Y5BA1WotzlEvVaIDpqzpIPvYnnldxru8oXJU2yFxFUy3+pNXjXd1ymO+RA0rq0+590Q8gaz2l3Sr7fmqg=="
      }
    }
  }
}